
Microsoft Visual Studio Solution File, Format Version 12.00
Project("{FAE04EC0-301F-11D3-BF4B-00C04F79EFBC}") = "catalogo-filmes-previsao-tempo", "catalogo-filmes-previsao-tempo.csproj", "{DE6511A1-4B0F-470F-93FC-4A81D704292B}"
EndProject
Global
	GlobalSection(SolutionConfigurationPlatforms) = preSolution
		Debug|Any CPU = Debug|Any CPU
		Release|Any CPU = Release|Any CPU
	EndGlobalSection
	GlobalSection(ProjectConfigurationPlatforms) = postSolution
		{DE6511A1-4B0F-470F-93FC-4A81D704292B}.Debug|Any CPU.ActiveCfg = Debug|Any CPU
		{DE6511A1-4B0F-470F-93FC-4A81D704292B}.Debug|Any CPU.Build.0 = Debug|Any CPU
		{DE6511A1-4B0F-470F-93FC-4A81D704292B}.Release|Any CPU.ActiveCfg = Release|Any CPU
		{DE6511A1-4B0F-470F-93FC-4A81D704292B}.Release|Any CPU.Build.0 = Release|Any CPU
	EndGlobalSection
EndGlobal
